<?xml version="1.0" encoding="UTF-8" standalone="yes" ?>
<CodeBlocks_project_file>
   <FileVersion major="1" minor="6" />
   <Project>
      <Option title="WebShellManager" />
      <Option makefile_is_custom="1" />
      <Option compiler="gcc" />
      <Option virtualFolders="CMake Files\;" />
      <Build>
      <Target title="all">
         <Option working_dir="/home/image/projects/WebShellManager" />
         <Option type="4" />
         <MakeCommands>
            <Build command="/usr/bin/make -f &quot;/home/image/projects/WebShellManager/Makefile&quot;  VERBOSE=1 all" />
            <CompileFile command="/usr/bin/make -f &quot;/home/image/projects/WebShellManager/Makefile&quot;  VERBOSE=1 &quot;$file&quot;" />
            <Clean command="/usr/bin/make -f &quot;/home/image/projects/WebShellManager/Makefile&quot;  VERBOSE=1 clean" />
            <DistClean command="/usr/bin/make -f &quot;/home/image/projects/WebShellManager/Makefile&quot;  VERBOSE=1 clean" />
         </MakeCommands>
      </Target>
      <Target title="edit_cache">
         <Option working_dir="/home/image/projects/WebShellManager" />
         <Option type="4" />
         <MakeCommands>
            <Build command="/usr/bin/make -f &quot;/home/image/projects/WebShellManager/Makefile&quot;  VERBOSE=1 edit_cache" />
            <CompileFile command="/usr/bin/make -f &quot;/home/image/projects/WebShellManager/Makefile&quot;  VERBOSE=1 &quot;$file&quot;" />
            <Clean command="/usr/bin/make -f &quot;/home/image/projects/WebShellManager/Makefile&quot;  VERBOSE=1 clean" />
            <DistClean command="/usr/bin/make -f &quot;/home/image/projects/WebShellManager/Makefile&quot;  VERBOSE=1 clean" />
         </MakeCommands>
      </Target>
      <Target title="rebuild_cache">
         <Option working_dir="/home/image/projects/WebShellManager" />
         <Option type="4" />
         <MakeCommands>
            <Build command="/usr/bin/make -f &quot;/home/image/projects/WebShellManager/Makefile&quot;  VERBOSE=1 rebuild_cache" />
            <CompileFile command="/usr/bin/make -f &quot;/home/image/projects/WebShellManager/Makefile&quot;  VERBOSE=1 &quot;$file&quot;" />
            <Clean command="/usr/bin/make -f &quot;/home/image/projects/WebShellManager/Makefile&quot;  VERBOSE=1 clean" />
            <DistClean command="/usr/bin/make -f &quot;/home/image/projects/WebShellManager/Makefile&quot;  VERBOSE=1 clean" />
         </MakeCommands>
      </Target>
      <Target title="WebShellManager">
         <Option output="/home/image/projects/WebShellManager/WebShellManager" prefix_auto="0" extension_auto="0" />
         <Option working_dir="/home/image/projects/WebShellManager" />
         <Option object_output="./" />
         <Option type="1" />
         <Option compiler="gcc" />
         <Compiler>
            <Add directory="/usr/include" />
            <Add directory="/usr/include/c++/5" />
            <Add directory="/usr/include/c++/5/backward" />
            <Add directory="/usr/include/x86_64-linux-gnu" />
            <Add directory="/usr/include/x86_64-linux-gnu/c++/5" />
            <Add directory="/usr/lib/gcc/x86_64-linux-gnu/5/include" />
            <Add directory="/usr/lib/gcc/x86_64-linux-gnu/5/include-fixed" />
            <Add directory="/usr/local/include" />
         </Compiler>
         <MakeCommands>
            <Build command="/usr/bin/make -f &quot;/home/image/projects/WebShellManager/Makefile&quot;  VERBOSE=1 WebShellManager" />
            <CompileFile command="/usr/bin/make -f &quot;/home/image/projects/WebShellManager/Makefile&quot;  VERBOSE=1 &quot;$file&quot;" />
            <Clean command="/usr/bin/make -f &quot;/home/image/projects/WebShellManager/Makefile&quot;  VERBOSE=1 clean" />
            <DistClean command="/usr/bin/make -f &quot;/home/image/projects/WebShellManager/Makefile&quot;  VERBOSE=1 clean" />
         </MakeCommands>
      </Target>
      <Target title="WebShellManager/fast">
         <Option output="/home/image/projects/WebShellManager/WebShellManager" prefix_auto="0" extension_auto="0" />
         <Option working_dir="/home/image/projects/WebShellManager" />
         <Option object_output="./" />
         <Option type="1" />
         <Option compiler="gcc" />
         <Compiler>
            <Add directory="/usr/include" />
            <Add directory="/usr/include/c++/5" />
            <Add directory="/usr/include/c++/5/backward" />
            <Add directory="/usr/include/x86_64-linux-gnu" />
            <Add directory="/usr/include/x86_64-linux-gnu/c++/5" />
            <Add directory="/usr/lib/gcc/x86_64-linux-gnu/5/include" />
            <Add directory="/usr/lib/gcc/x86_64-linux-gnu/5/include-fixed" />
            <Add directory="/usr/local/include" />
         </Compiler>
         <MakeCommands>
            <Build command="/usr/bin/make -f &quot;/home/image/projects/WebShellManager/Makefile&quot;  VERBOSE=1 WebShellManager/fast" />
            <CompileFile command="/usr/bin/make -f &quot;/home/image/projects/WebShellManager/Makefile&quot;  VERBOSE=1 &quot;$file&quot;" />
            <Clean command="/usr/bin/make -f &quot;/home/image/projects/WebShellManager/Makefile&quot;  VERBOSE=1 clean" />
            <DistClean command="/usr/bin/make -f &quot;/home/image/projects/WebShellManager/Makefile&quot;  VERBOSE=1 clean" />
         </MakeCommands>
      </Target>
      </Build>
      <Unit filename="/home/image/projects/WebShellManager/WebShell.cpp">
         <Option target="WebShellManager"/>
      </Unit>
      <Unit filename="/home/image/projects/WebShellManager/WebShell.h">
         <Option target="WebShellManager"/>
      </Unit>
      <Unit filename="/home/image/projects/WebShellManager/cryptohelper.cpp">
         <Option target="WebShellManager"/>
      </Unit>
      <Unit filename="/home/image/projects/WebShellManager/cryptohelper.h">
         <Option target="WebShellManager"/>
      </Unit>
      <Unit filename="/home/image/projects/WebShellManager/curlhelper.cpp">
         <Option target="WebShellManager"/>
      </Unit>
      <Unit filename="/home/image/projects/WebShellManager/curlhelper.h">
         <Option target="WebShellManager"/>
      </Unit>
      <Unit filename="/home/image/projects/WebShellManager/json.hpp">
         <Option target="WebShellManager"/>
      </Unit>
      <Unit filename="/home/image/projects/WebShellManager/main.cpp">
         <Option target="WebShellManager"/>
      </Unit>
      <Unit filename="/home/image/projects/WebShellManager/CMakeLists.txt">
          <Option virtualFolder="CMake Files\" />
      </Unit>
   </Project>
</CodeBlocks_project_file>
